// !$*UTF8*$!
{
	archiveVersion = 1;
	classes = {
	};
	objectVersion = 50;
	objects = {

/* Begin PBXBuildFile section */
		1B3EE091B7B4D43877EA706B /* ZoomTransitionController.m in Sources */ = {isa = PBXBuildFile; fileRef = 1B3EE25C48FDE1EC49CFB086 /* ZoomTransitionController.m */; };
		1B3EE0D4255702B4580134D2 /* ListPhotosViewController.m in Sources */ = {isa = PBXBuildFile; fileRef = 1B3EE105F9693A3547BF3F18 /* ListPhotosViewController.m */; };
		1B3EE2BD5A70631D56161779 /* ZoomDismissalInteractionController.m in Sources */ = {isa = PBXBuildFile; fileRef = 1B3EEA2868036A1F517B5351 /* ZoomDismissalInteractionController.m */; };
		1B3EE2F98873A3C59CC93DCE /* ListPhotosViewModel.m in Sources */ = {isa = PBXBuildFile; fileRef = 1B3EEF47540C80E532914A3A /* ListPhotosViewModel.m */; };
		1B3EE33C01050DE3914EAA6E /* BasePhotoVM.m in Sources */ = {isa = PBXBuildFile; fileRef = 1B3EE0B94E7167DCFBFC32C6 /* BasePhotoVM.m */; };
		1B3EE3559E7CE8EF42228753 /* UIColor+HexString.m in Sources */ = {isa = PBXBuildFile; fileRef = 1B3EE07120A695D2F74C31E6 /* UIColor+HexString.m */; };
		1B3EE62B34A0811D6FFF3DD7 /* USPhoto.m in Sources */ = {isa = PBXBuildFile; fileRef = 1B3EEDF3AFF11A76ADB7E064 /* USPhoto.m */; };
		1B3EE6D6380F5541FF28B75B /* UnsplashAPI.m in Sources */ = {isa = PBXBuildFile; fileRef = 1B3EE42EEC576B0B19121BA0 /* UnsplashAPI.m */; };
		1B3EE9D784D62715C8C8B7C9 /* AppConfigs.h in Resources */ = {isa = PBXBuildFile; fileRef = 1B3EEF1B2D91B73308A24A41 /* AppConfigs.h */; };
		1B3EEBB0838C1E61B534A495 /* NetworkingManager.m in Sources */ = {isa = PBXBuildFile; fileRef = 1B3EEFCF38ECBED3F17D61B0 /* NetworkingManager.m */; };
		1B3EECC620318664E8171DBB /* USPhotoVM.m in Sources */ = {isa = PBXBuildFile; fileRef = 1B3EE44C2CC248D308FA5655 /* USPhotoVM.m */; };
		1B3EECED01450395AF823680 /* UIViewController+ProcessView.m in Sources */ = {isa = PBXBuildFile; fileRef = 1B3EED8C6AAE1D92D78F36B9 /* UIViewController+ProcessView.m */; };
		1B3EEE676DA078E8050E2235 /* ZoomAnimator.m in Sources */ = {isa = PBXBuildFile; fileRef = 1B3EE777C897125009F84350 /* ZoomAnimator.m */; };
		1B3EEED506C0784AAAEE0C70 /* CircleImageView.m in Sources */ = {isa = PBXBuildFile; fileRef = 1B3EE166A9C6B6F85A80F135 /* CircleImageView.m */; };
		1B3EEF085A51EED79AC8EED4 /* LocalPhotoVM.m in Sources */ = {isa = PBXBuildFile; fileRef = 1B3EE0AA5D8580CD1B072E4A /* LocalPhotoVM.m */; };
		1B3EEFAE765BD58F321D414F /* UnsplashEndPoint.m in Sources */ = {isa = PBXBuildFile; fileRef = 1B3EEA9E27C7ED41DD603507 /* UnsplashEndPoint.m */; };
		B2075FCCA38D6251D6F2005F /* libPods-TF Unspash.a in Frameworks */ = {isa = PBXBuildFile; fileRef = 3BA2DDECE5CEACC3A0600FC3 /* libPods-TF Unspash.a */; };
		DB0FAB32234440D600332D12 /* WaterFallLayout.m in Sources */ = {isa = PBXBuildFile; fileRef = DB0FAB31234440D600332D12 /* WaterFallLayout.m */; };
		DB0FAB362344997C00332D12 /* PhotoDetailViewController.m in Sources */ = {isa = PBXBuildFile; fileRef = DB0FAB342344997C00332D12 /* PhotoDetailViewController.m */; };
		DB0FAB372344997C00332D12 /* PhotoDetailViewController.xib in Resources */ = {isa = PBXBuildFile; fileRef = DB0FAB352344997C00332D12 /* PhotoDetailViewController.xib */; };
		DB12B72B2341AE69004CE43D /* AppDelegate.m in Sources */ = {isa = PBXBuildFile; fileRef = DB12B72A2341AE69004CE43D /* AppDelegate.m */; };
		DB12B72E2341AE69004CE43D /* SceneDelegate.m in Sources */ = {isa = PBXBuildFile; fileRef = DB12B72D2341AE69004CE43D /* SceneDelegate.m */; };
		DB12B7312341AE69004CE43D /* TestingViewController.m in Sources */ = {isa = PBXBuildFile; fileRef = DB12B7302341AE69004CE43D /* TestingViewController.m */; };
		DB12B7342341AE69004CE43D /* Main.storyboard in Resources */ = {isa = PBXBuildFile; fileRef = DB12B7322341AE69004CE43D /* Main.storyboard */; };
		DB12B7362341AE6B004CE43D /* Assets.xcassets in Resources */ = {isa = PBXBuildFile; fileRef = DB12B7352341AE6B004CE43D /* Assets.xcassets */; };
		DB12B7392341AE6B004CE43D /* LaunchScreen.storyboard in Resources */ = {isa = PBXBuildFile; fileRef = DB12B7372341AE6B004CE43D /* LaunchScreen.storyboard */; };
		DB12B73C2341AE6B004CE43D /* main.m in Sources */ = {isa = PBXBuildFile; fileRef = DB12B73B2341AE6B004CE43D /* main.m */; };
		DB12B749234214E6004CE43D /* PhotoCollectionViewCell.m in Sources */ = {isa = PBXBuildFile; fileRef = DB12B747234214E6004CE43D /* PhotoCollectionViewCell.m */; };
		DB12B74A234214E6004CE43D /* PhotoCollectionViewCell.xib in Resources */ = {isa = PBXBuildFile; fileRef = DB12B748234214E6004CE43D /* PhotoCollectionViewCell.xib */; };
		DB8CE077234B4552006C0D20 /* FullViewPhotoViewController.m in Sources */ = {isa = PBXBuildFile; fileRef = DB8CE076234B4551006C0D20 /* FullViewPhotoViewController.m */; };
/* End PBXBuildFile section */

/* Begin PBXFileReference section */
		12F15F33BE15073DCEB6610F /* Pods-TF Unspash.release.xcconfig */ = {isa = PBXFileReference; includeInIndex = 1; lastKnownFileType = text.xcconfig; name = "Pods-TF Unspash.release.xcconfig"; path = "Target Support Files/Pods-TF Unspash/Pods-TF Unspash.release.xcconfig"; sourceTree = "<group>"; };
		1B3EE07120A695D2F74C31E6 /* UIColor+HexString.m */ = {isa = PBXFileReference; fileEncoding = 4; lastKnownFileType = sourcecode.c.objc; path = "UIColor+HexString.m"; sourceTree = "<group>"; };
		1B3EE09F4F8371FCB846314F /* UnsplashEndPoint.h */ = {isa = PBXFileReference; fileEncoding = 4; lastKnownFileType = sourcecode.c.h; path = UnsplashEndPoint.h; sourceTree = "<group>"; };
		1B3EE0AA5D8580CD1B072E4A /* LocalPhotoVM.m */ = {isa = PBXFileReference; fileEncoding = 4; lastKnownFileType = sourcecode.c.objc; path = LocalPhotoVM.m; sourceTree = "<group>"; };
		1B3EE0B94E7167DCFBFC32C6 /* BasePhotoVM.m */ = {isa = PBXFileReference; fileEncoding = 4; lastKnownFileType = sourcecode.c.objc; path = BasePhotoVM.m; sourceTree = "<group>"; };
		1B3EE105F9693A3547BF3F18 /* ListPhotosViewController.m */ = {isa = PBXFileReference; fileEncoding = 4; lastKnownFileType = sourcecode.c.objc; path = ListPhotosViewController.m; sourceTree = "<group>"; };
		1B3EE165185AC1A9D95DA4FE /* CircleImageView.h */ = {isa = PBXFileReference; fileEncoding = 4; lastKnownFileType = sourcecode.c.h; path = CircleImageView.h; sourceTree = "<group>"; };
		1B3EE166A9C6B6F85A80F135 /* CircleImageView.m */ = {isa = PBXFileReference; fileEncoding = 4; lastKnownFileType = sourcecode.c.objc; path = CircleImageView.m; sourceTree = "<group>"; };
		1B3EE2589DDAC4E11891576A /* UIColor+HexString.h */ = {isa = PBXFileReference; fileEncoding = 4; lastKnownFileType = sourcecode.c.h; path = "UIColor+HexString.h"; sourceTree = "<group>"; };
		1B3EE25C48FDE1EC49CFB086 /* ZoomTransitionController.m */ = {isa = PBXFileReference; fileEncoding = 4; lastKnownFileType = sourcecode.c.objc; path = ZoomTransitionController.m; sourceTree = "<group>"; };
		1B3EE393C72ACF5A4D1CF3FF /* UnsplashAPI.h */ = {isa = PBXFileReference; fileEncoding = 4; lastKnownFileType = sourcecode.c.h; path = UnsplashAPI.h; sourceTree = "<group>"; };
		1B3EE3B723C922D15C039A36 /* NetworkingManager.h */ = {isa = PBXFileReference; fileEncoding = 4; lastKnownFileType = sourcecode.c.h; path = NetworkingManager.h; sourceTree = "<group>"; };
		1B3EE42EEC576B0B19121BA0 /* UnsplashAPI.m */ = {isa = PBXFileReference; fileEncoding = 4; lastKnownFileType = sourcecode.c.objc; path = UnsplashAPI.m; sourceTree = "<group>"; };
		1B3EE44C2CC248D308FA5655 /* USPhotoVM.m */ = {isa = PBXFileReference; fileEncoding = 4; lastKnownFileType = sourcecode.c.objc; path = USPhotoVM.m; sourceTree = "<group>"; };
		1B3EE4FF7EDAB252EEA64A75 /* ListPhotosViewModel.h */ = {isa = PBXFileReference; fileEncoding = 4; lastKnownFileType = sourcecode.c.h; path = ListPhotosViewModel.h; sourceTree = "<group>"; };
		1B3EE77510D4EEBB96067D57 /* LocalPhotoVM.h */ = {isa = PBXFileReference; fileEncoding = 4; lastKnownFileType = sourcecode.c.h; path = LocalPhotoVM.h; sourceTree = "<group>"; };
		1B3EE777C897125009F84350 /* ZoomAnimator.m */ = {isa = PBXFileReference; fileEncoding = 4; lastKnownFileType = sourcecode.c.objc; path = ZoomAnimator.m; sourceTree = "<group>"; };
		1B3EEA2868036A1F517B5351 /* ZoomDismissalInteractionController.m */ = {isa = PBXFileReference; fileEncoding = 4; lastKnownFileType = sourcecode.c.objc; path = ZoomDismissalInteractionController.m; sourceTree = "<group>"; };
		1B3EEA9E27C7ED41DD603507 /* UnsplashEndPoint.m */ = {isa = PBXFileReference; fileEncoding = 4; lastKnownFileType = sourcecode.c.objc; path = UnsplashEndPoint.m; sourceTree = "<group>"; };
		1B3EEAC77F517AF7F54D3B54 /* USPhotoVM.h */ = {isa = PBXFileReference; fileEncoding = 4; lastKnownFileType = sourcecode.c.h; path = USPhotoVM.h; sourceTree = "<group>"; };
		1B3EEB307BD103B42C1596C8 /* UIViewController+ProcessView.h */ = {isa = PBXFileReference; fileEncoding = 4; lastKnownFileType = sourcecode.c.h; path = "UIViewController+ProcessView.h"; sourceTree = "<group>"; };
		1B3EEBE71FF42C2F4B77A792 /* BasePhotoVM.h */ = {isa = PBXFileReference; fileEncoding = 4; lastKnownFileType = sourcecode.c.h; path = BasePhotoVM.h; sourceTree = "<group>"; };
		1B3EEC2E5DF3F125247C3130 /* ZoomTransitionController.h */ = {isa = PBXFileReference; fileEncoding = 4; lastKnownFileType = sourcecode.c.h; path = ZoomTransitionController.h; sourceTree = "<group>"; };
		1B3EEC91E1C54F3806702B10 /* ListPhotosViewController.h */ = {isa = PBXFileReference; fileEncoding = 4; lastKnownFileType = sourcecode.c.h; path = ListPhotosViewController.h; sourceTree = "<group>"; };
		1B3EED1E508BCFA2599B78E8 /* ZoomDismissalInteractionController.h */ = {isa = PBXFileReference; fileEncoding = 4; lastKnownFileType = sourcecode.c.h; path = ZoomDismissalInteractionController.h; sourceTree = "<group>"; };
		1B3EED4DD3768A04799F28E0 /* ZoomAnimator.h */ = {isa = PBXFileReference; fileEncoding = 4; lastKnownFileType = sourcecode.c.h; path = ZoomAnimator.h; sourceTree = "<group>"; };
		1B3EED8C6AAE1D92D78F36B9 /* UIViewController+ProcessView.m */ = {isa = PBXFileReference; fileEncoding = 4; lastKnownFileType = sourcecode.c.objc; path = "UIViewController+ProcessView.m"; sourceTree = "<group>"; };
		1B3EEDC47B8117BB5D69E00F /* SupportFunctions.h */ = {isa = PBXFileReference; fileEncoding = 4; lastKnownFileType = sourcecode.c.h; path = SupportFunctions.h; sourceTree = "<group>"; };
		1B3EEDF3AFF11A76ADB7E064 /* USPhoto.m */ = {isa = PBXFileReference; fileEncoding = 4; lastKnownFileType = sourcecode.c.objc; path = USPhoto.m; sourceTree = "<group>"; };
		1B3EEF1B2D91B73308A24A41 /* AppConfigs.h */ = {isa = PBXFileReference; fileEncoding = 4; lastKnownFileType = sourcecode.c.h; path = AppConfigs.h; sourceTree = "<group>"; };
		1B3EEF33B244C0CEF83B71D4 /* USPhoto.h */ = {isa = PBXFileReference; fileEncoding = 4; lastKnownFileType = sourcecode.c.h; path = USPhoto.h; sourceTree = "<group>"; };
		1B3EEF47540C80E532914A3A /* ListPhotosViewModel.m */ = {isa = PBXFileReference; fileEncoding = 4; lastKnownFileType = sourcecode.c.objc; path = ListPhotosViewModel.m; sourceTree = "<group>"; };
		1B3EEFCF38ECBED3F17D61B0 /* NetworkingManager.m */ = {isa = PBXFileReference; fileEncoding = 4; lastKnownFileType = sourcecode.c.objc; path = NetworkingManager.m; sourceTree = "<group>"; };
		3BA2DDECE5CEACC3A0600FC3 /* libPods-TF Unspash.a */ = {isa = PBXFileReference; explicitFileType = archive.ar; includeInIndex = 0; path = "libPods-TF Unspash.a"; sourceTree = BUILT_PRODUCTS_DIR; };
		85EE2CA72770B949C7FE0C2C /* Pods-TF Unspash.debug.xcconfig */ = {isa = PBXFileReference; includeInIndex = 1; lastKnownFileType = text.xcconfig; name = "Pods-TF Unspash.debug.xcconfig"; path = "Target Support Files/Pods-TF Unspash/Pods-TF Unspash.debug.xcconfig"; sourceTree = "<group>"; };
		DB0FAB30234440D600332D12 /* WaterFallLayout.h */ = {isa = PBXFileReference; fileEncoding = 4; lastKnownFileType = sourcecode.c.h; path = WaterFallLayout.h; sourceTree = "<group>"; };
		DB0FAB31234440D600332D12 /* WaterFallLayout.m */ = {isa = PBXFileReference; fileEncoding = 4; lastKnownFileType = sourcecode.c.objc; path = WaterFallLayout.m; sourceTree = "<group>"; };
		DB0FAB332344997C00332D12 /* PhotoDetailViewController.h */ = {isa = PBXFileReference; lastKnownFileType = sourcecode.c.h; path = PhotoDetailViewController.h; sourceTree = "<group>"; };
		DB0FAB342344997C00332D12 /* PhotoDetailViewController.m */ = {isa = PBXFileReference; lastKnownFileType = sourcecode.c.objc; path = PhotoDetailViewController.m; sourceTree = "<group>"; };
		DB0FAB352344997C00332D12 /* PhotoDetailViewController.xib */ = {isa = PBXFileReference; lastKnownFileType = file.xib; path = PhotoDetailViewController.xib; sourceTree = "<group>"; };
		DB12B7262341AE69004CE43D /* TF Unsplash.app */ = {isa = PBXFileReference; explicitFileType = wrapper.application; includeInIndex = 0; path = "TF Unsplash.app"; sourceTree = BUILT_PRODUCTS_DIR; };
		DB12B7292341AE69004CE43D /* AppDelegate.h */ = {isa = PBXFileReference; lastKnownFileType = sourcecode.c.h; path = AppDelegate.h; sourceTree = "<group>"; };
		DB12B72A2341AE69004CE43D /* AppDelegate.m */ = {isa = PBXFileReference; lastKnownFileType = sourcecode.c.objc; path = AppDelegate.m; sourceTree = "<group>"; };
		DB12B72C2341AE69004CE43D /* SceneDelegate.h */ = {isa = PBXFileReference; lastKnownFileType = sourcecode.c.h; path = SceneDelegate.h; sourceTree = "<group>"; };
		DB12B72D2341AE69004CE43D /* SceneDelegate.m */ = {isa = PBXFileReference; lastKnownFileType = sourcecode.c.objc; path = SceneDelegate.m; sourceTree = "<group>"; };
		DB12B72F2341AE69004CE43D /* TestingViewController.h */ = {isa = PBXFileReference; lastKnownFileType = sourcecode.c.h; path = TestingViewController.h; sourceTree = "<group>"; };
		DB12B7302341AE69004CE43D /* TestingViewController.m */ = {isa = PBXFileReference; lastKnownFileType = sourcecode.c.objc; path = TestingViewController.m; sourceTree = "<group>"; };
		DB12B7332341AE69004CE43D /* Base */ = {isa = PBXFileReference; lastKnownFileType = file.storyboard; name = Base; path = Base.lproj/Main.storyboard; sourceTree = "<group>"; };
		DB12B7352341AE6B004CE43D /* Assets.xcassets */ = {isa = PBXFileReference; lastKnownFileType = folder.assetcatalog; path = Assets.xcassets; sourceTree = "<group>"; };
		DB12B7382341AE6B004CE43D /* Base */ = {isa = PBXFileReference; lastKnownFileType = file.storyboard; name = Base; path = Base.lproj/LaunchScreen.storyboard; sourceTree = "<group>"; };
		DB12B73A2341AE6B004CE43D /* Info.plist */ = {isa = PBXFileReference; lastKnownFileType = text.plist.xml; path = Info.plist; sourceTree = "<group>"; };
		DB12B73B2341AE6B004CE43D /* main.m */ = {isa = PBXFileReference; lastKnownFileType = sourcecode.c.objc; path = main.m; sourceTree = "<group>"; };
		DB12B746234214E6004CE43D /* PhotoCollectionViewCell.h */ = {isa = PBXFileReference; lastKnownFileType = sourcecode.c.h; path = PhotoCollectionViewCell.h; sourceTree = "<group>"; };
		DB12B747234214E6004CE43D /* PhotoCollectionViewCell.m */ = {isa = PBXFileReference; lastKnownFileType = sourcecode.c.objc; path = PhotoCollectionViewCell.m; sourceTree = "<group>"; };
		DB12B748234214E6004CE43D /* PhotoCollectionViewCell.xib */ = {isa = PBXFileReference; lastKnownFileType = file.xib; path = PhotoCollectionViewCell.xib; sourceTree = "<group>"; };
		DB8CE075234B4551006C0D20 /* FullViewPhotoViewController.h */ = {isa = PBXFileReference; lastKnownFileType = sourcecode.c.h; path = FullViewPhotoViewController.h; sourceTree = "<group>"; };
		DB8CE076234B4551006C0D20 /* FullViewPhotoViewController.m */ = {isa = PBXFileReference; lastKnownFileType = sourcecode.c.objc; path = FullViewPhotoViewController.m; sourceTree = "<group>"; };
/* End PBXFileReference section */

/* Begin PBXFrameworksBuildPhase section */
		DB12B7232341AE69004CE43D /* Frameworks */ = {
			isa = PBXFrameworksBuildPhase;
			buildActionMask = 2147483647;
			files = (
				B2075FCCA38D6251D6F2005F /* libPods-TF Unspash.a in Frameworks */,
			);
			runOnlyForDeploymentPostprocessing = 0;
		};
/* End PBXFrameworksBuildPhase section */

/* Begin PBXGroup section */
		1B3EE11B65CCA2453A1C5769 /* Configurations */ = {
			isa = PBXGroup;
			children = (
				1B3EEF1B2D91B73308A24A41 /* AppConfigs.h */,
			);
			path = Configurations;
			sourceTree = "<group>";
		};
		1B3EE380C61853BA997126AD /* ViewModels */ = {
			isa = PBXGroup;
			children = (
				1B3EE44C2CC248D308FA5655 /* USPhotoVM.m */,
				1B3EEAC77F517AF7F54D3B54 /* USPhotoVM.h */,
				1B3EEF47540C80E532914A3A /* ListPhotosViewModel.m */,
				1B3EE4FF7EDAB252EEA64A75 /* ListPhotosViewModel.h */,
				1B3EE0B94E7167DCFBFC32C6 /* BasePhotoVM.m */,
				1B3EEBE71FF42C2F4B77A792 /* BasePhotoVM.h */,
				1B3EE0AA5D8580CD1B072E4A /* LocalPhotoVM.m */,
				1B3EE77510D4EEBB96067D57 /* LocalPhotoVM.h */,
			);
			path = ViewModels;
			sourceTree = "<group>";
		};
		1B3EE966827FA5D9011963E2 /* Interactions */ = {
			isa = PBXGroup;
			children = (
				1B3EEA2868036A1F517B5351 /* ZoomDismissalInteractionController.m */,
				1B3EED1E508BCFA2599B78E8 /* ZoomDismissalInteractionController.h */,
			);
			path = Interactions;
			sourceTree = "<group>";
		};
		1B3EEAF9A6860127420E86A4 /* Models */ = {
			isa = PBXGroup;
			children = (
				1B3EEDF3AFF11A76ADB7E064 /* USPhoto.m */,
				1B3EEF33B244C0CEF83B71D4 /* USPhoto.h */,
			);
			path = Models;
			sourceTree = "<group>";
		};
		1B3EEBB6CDC9FFBD7A135099 /* Animation */ = {
			isa = PBXGroup;
			children = (
				1B3EE777C897125009F84350 /* ZoomAnimator.m */,
				1B3EED4DD3768A04799F28E0 /* ZoomAnimator.h */,
				1B3EE25C48FDE1EC49CFB086 /* ZoomTransitionController.m */,
				1B3EEC2E5DF3F125247C3130 /* ZoomTransitionController.h */,
				1B3EE966827FA5D9011963E2 /* Interactions */,
			);
			path = Animation;
			sourceTree = "<group>";
		};
		1B3EEDDAFF2B6EB165F96D37 /* Utils */ = {
			isa = PBXGroup;
			children = (
				1B3EEDC47B8117BB5D69E00F /* SupportFunctions.h */,
				1B3EED8C6AAE1D92D78F36B9 /* UIViewController+ProcessView.m */,
				1B3EEB307BD103B42C1596C8 /* UIViewController+ProcessView.h */,
				1B3EE07120A695D2F74C31E6 /* UIColor+HexString.m */,
				1B3EE2589DDAC4E11891576A /* UIColor+HexString.h */,
			);
			path = Utils;
			sourceTree = "<group>";
		};
		9DC893944F6C532A9EB2C151 /* Frameworks */ = {
			isa = PBXGroup;
			children = (
				3BA2DDECE5CEACC3A0600FC3 /* libPods-TF Unspash.a */,
			);
			name = Frameworks;
			sourceTree = "<group>";
		};
		DB12B71D2341AE69004CE43D = {
			isa = PBXGroup;
			children = (
				DB12B7282341AE69004CE43D /* TF Unspash */,
				DB12B7272341AE69004CE43D /* Products */,
				FCE15B707A9B36D9E0F65648 /* Pods */,
				9DC893944F6C532A9EB2C151 /* Frameworks */,
			);
			sourceTree = "<group>";
		};
		DB12B7272341AE69004CE43D /* Products */ = {
			isa = PBXGroup;
			children = (
				DB12B7262341AE69004CE43D /* TF Unsplash.app */,
			);
			name = Products;
			sourceTree = "<group>";
		};
		DB12B7282341AE69004CE43D /* TF Unspash */ = {
			isa = PBXGroup;
			children = (
				DB12B74423421296004CE43D /* AppDelegate */,
				DB12B74323421283004CE43D /* ViewControllers */,
				DB12B7422341AEB9004CE43D /* Networking */,
				DB12B7322341AE69004CE43D /* Main.storyboard */,
				DB12B7352341AE6B004CE43D /* Assets.xcassets */,
				DB12B7372341AE6B004CE43D /* LaunchScreen.storyboard */,
				DB12B73A2341AE6B004CE43D /* Info.plist */,
				1B3EE11B65CCA2453A1C5769 /* Configurations */,
				1B3EEAF9A6860127420E86A4 /* Models */,
				DB12B74523421479004CE43D /* Views */,
				1B3EE380C61853BA997126AD /* ViewModels */,
				1B3EEDDAFF2B6EB165F96D37 /* Utils */,
			);
			path = "TF Unspash";
			sourceTree = "<group>";
		};
		DB12B7422341AEB9004CE43D /* Networking */ = {
			isa = PBXGroup;
			children = (
				1B3EEFCF38ECBED3F17D61B0 /* NetworkingManager.m */,
				1B3EE3B723C922D15C039A36 /* NetworkingManager.h */,
				1B3EEA9E27C7ED41DD603507 /* UnsplashEndPoint.m */,
				1B3EE09F4F8371FCB846314F /* UnsplashEndPoint.h */,
				1B3EE42EEC576B0B19121BA0 /* UnsplashAPI.m */,
				1B3EE393C72ACF5A4D1CF3FF /* UnsplashAPI.h */,
			);
			path = Networking;
			sourceTree = "<group>";
		};
		DB12B74323421283004CE43D /* ViewControllers */ = {
			isa = PBXGroup;
			children = (
				1B3EEBB6CDC9FFBD7A135099 /* Animation */,
				DB12B72F2341AE69004CE43D /* TestingViewController.h */,
				DB12B7302341AE69004CE43D /* TestingViewController.m */,
				1B3EE105F9693A3547BF3F18 /* ListPhotosViewController.m */,
				1B3EEC91E1C54F3806702B10 /* ListPhotosViewController.h */,
				DB0FAB332344997C00332D12 /* PhotoDetailViewController.h */,
				DB0FAB342344997C00332D12 /* PhotoDetailViewController.m */,
				DB0FAB352344997C00332D12 /* PhotoDetailViewController.xib */,
				DB8CE075234B4551006C0D20 /* FullViewPhotoViewController.h */,
				DB8CE076234B4551006C0D20 /* FullViewPhotoViewController.m */,
			);
			path = ViewControllers;
			sourceTree = "<group>";
		};
		DB12B74423421296004CE43D /* AppDelegate */ = {
			isa = PBXGroup;
			children = (
				DB12B7292341AE69004CE43D /* AppDelegate.h */,
				DB12B72A2341AE69004CE43D /* AppDelegate.m */,
				DB12B72C2341AE69004CE43D /* SceneDelegate.h */,
				DB12B72D2341AE69004CE43D /* SceneDelegate.m */,
				DB12B73B2341AE6B004CE43D /* main.m */,
			);
			path = AppDelegate;
			sourceTree = "<group>";
		};
		DB12B74523421479004CE43D /* Views */ = {
			isa = PBXGroup;
			children = (
				DB14BACF2342FE52003804B1 /* Layouts */,
				DB12B746234214E6004CE43D /* PhotoCollectionViewCell.h */,
				DB12B747234214E6004CE43D /* PhotoCollectionViewCell.m */,
				DB12B748234214E6004CE43D /* PhotoCollectionViewCell.xib */,
				1B3EE166A9C6B6F85A80F135 /* CircleImageView.m */,
				1B3EE165185AC1A9D95DA4FE /* CircleImageView.h */,
			);
			path = Views;
			sourceTree = "<group>";
		};
		DB14BACF2342FE52003804B1 /* Layouts */ = {
			isa = PBXGroup;
			children = (
				DB0FAB30234440D600332D12 /* WaterFallLayout.h */,
				DB0FAB31234440D600332D12 /* WaterFallLayout.m */,
			);
			name = Layouts;
			path = ../Layouts;
			sourceTree = "<group>";
		};
		FCE15B707A9B36D9E0F65648 /* Pods */ = {
			isa = PBXGroup;
			children = (
				85EE2CA72770B949C7FE0C2C /* Pods-TF Unspash.debug.xcconfig */,
				12F15F33BE15073DCEB6610F /* Pods-TF Unspash.release.xcconfig */,
			);
			path = Pods;
			sourceTree = "<group>";
		};
/* End PBXGroup section */

/* Begin PBXNativeTarget section */
		DB12B7252341AE69004CE43D /* TF Unspash */ = {
			isa = PBXNativeTarget;
			buildConfigurationList = DB12B73F2341AE6B004CE43D /* Build configuration list for PBXNativeTarget "TF Unspash" */;
			buildPhases = (
				C62492C48D153BAD390CBC01 /* [CP] Check Pods Manifest.lock */,
				DB12B7222341AE69004CE43D /* Sources */,
				DB12B7232341AE69004CE43D /* Frameworks */,
				DB12B7242341AE69004CE43D /* Resources */,
			);
			buildRules = (
			);
			dependencies = (
			);
			name = "TF Unspash";
			productName = "TF Unspash";
			productReference = DB12B7262341AE69004CE43D /* TF Unsplash.app */;
			productType = "com.apple.product-type.application";
		};
/* End PBXNativeTarget section */

/* Begin PBXProject section */
		DB12B71E2341AE69004CE43D /* Project object */ = {
			isa = PBXProject;
			attributes = {
				LastUpgradeCheck = 1100;
				ORGANIZATIONNAME = CPU11808;
				TargetAttributes = {
					DB12B7252341AE69004CE43D = {
						CreatedOnToolsVersion = 11.0;
					};
				};
			};
			buildConfigurationList = DB12B7212341AE69004CE43D /* Build configuration list for PBXProject "TF Unspash" */;
			compatibilityVersion = "Xcode 9.3";
			developmentRegion = en;
			hasScannedForEncodings = 0;
			knownRegions = (
				en,
				Base,
			);
			mainGroup = DB12B71D2341AE69004CE43D;
			productRefGroup = DB12B7272341AE69004CE43D /* Products */;
			projectDirPath = "";
			projectRoot = "";
			targets = (
				DB12B7252341AE69004CE43D /* TF Unspash */,
			);
		};
/* End PBXProject section */

/* Begin PBXResourcesBuildPhase section */
		DB12B7242341AE69004CE43D /* Resources */ = {
			isa = PBXResourcesBuildPhase;
			buildActionMask = 2147483647;
			files = (
				DB0FAB372344997C00332D12 /* PhotoDetailViewController.xib in Resources */,
				DB12B7392341AE6B004CE43D /* LaunchScreen.storyboard in Resources */,
				DB12B74A234214E6004CE43D /* PhotoCollectionViewCell.xib in Resources */,
				DB12B7362341AE6B004CE43D /* Assets.xcassets in Resources */,
				DB12B7342341AE69004CE43D /* Main.storyboard in Resources */,
				1B3EE9D784D62715C8C8B7C9 /* AppConfigs.h in Resources */,
			);
			runOnlyForDeploymentPostprocessing = 0;
		};
/* End PBXResourcesBuildPhase section */

/* Begin PBXShellScriptBuildPhase section */
		C62492C48D153BAD390CBC01 /* [CP] Check Pods Manifest.lock */ = {
			isa = PBXShellScriptBuildPhase;
			buildActionMask = 2147483647;
			files = (
			);
			inputFileListPaths = (
			);
			inputPaths = (
				"${PODS_PODFILE_DIR_PATH}/Podfile.lock",
				"${PODS_ROOT}/Manifest.lock",
			);
			name = "[CP] Check Pods Manifest.lock";
			outputFileListPaths = (
			);
			outputPaths = (
				"$(DERIVED_FILE_DIR)/Pods-TF Unspash-checkManifestLockResult.txt",
			);
			runOnlyForDeploymentPostprocessing = 0;
			shellPath = /bin/sh;
			shellScript = "diff \"${PODS_PODFILE_DIR_PATH}/Podfile.lock\" \"${PODS_ROOT}/Manifest.lock\" > /dev/null\nif [ $? != 0 ] ; then\n    # print error to STDERR\n    echo \"error: The sandbox is not in sync with the Podfile.lock. Run 'pod install' or update your CocoaPods installation.\" >&2\n    exit 1\nfi\n# This output is used by Xcode 'outputs' to avoid re-running this script phase.\necho \"SUCCESS\" > \"${SCRIPT_OUTPUT_FILE_0}\"\n";
			showEnvVarsInLog = 0;
		};
/* End PBXShellScriptBuildPhase section */

/* Begin PBXSourcesBuildPhase section */
		DB12B7222341AE69004CE43D /* Sources */ = {
			isa = PBXSourcesBuildPhase;
			buildActionMask = 2147483647;
			files = (
				DB0FAB32234440D600332D12 /* WaterFallLayout.m in Sources */,
				DB12B7312341AE69004CE43D /* TestingViewController.m in Sources */,
				DB12B72B2341AE69004CE43D /* AppDelegate.m in Sources */,
				DB8CE077234B4552006C0D20 /* FullViewPhotoViewController.m in Sources */,
				DB12B73C2341AE6B004CE43D /* main.m in Sources */,
				DB12B749234214E6004CE43D /* PhotoCollectionViewCell.m in Sources */,
				DB12B72E2341AE69004CE43D /* SceneDelegate.m in Sources */,
				1B3EEBB0838C1E61B534A495 /* NetworkingManager.m in Sources */,
				1B3EEFAE765BD58F321D414F /* UnsplashEndPoint.m in Sources */,
				1B3EE6D6380F5541FF28B75B /* UnsplashAPI.m in Sources */,
				1B3EE62B34A0811D6FFF3DD7 /* USPhoto.m in Sources */,
				1B3EE0D4255702B4580134D2 /* ListPhotosViewController.m in Sources */,
				1B3EECC620318664E8171DBB /* USPhotoVM.m in Sources */,
				1B3EECED01450395AF823680 /* UIViewController+ProcessView.m in Sources */,
				DB0FAB362344997C00332D12 /* PhotoDetailViewController.m in Sources */,
				1B3EE2F98873A3C59CC93DCE /* ListPhotosViewModel.m in Sources */,
				1B3EEED506C0784AAAEE0C70 /* CircleImageView.m in Sources */,
				1B3EE33C01050DE3914EAA6E /* BasePhotoVM.m in Sources */,
				1B3EEF085A51EED79AC8EED4 /* LocalPhotoVM.m in Sources */,
				1B3EE3559E7CE8EF42228753 /* UIColor+HexString.m in Sources */,
				1B3EEE676DA078E8050E2235 /* ZoomAnimator.m in Sources */,
				1B3EE091B7B4D43877EA706B /* ZoomTransitionController.m in Sources */,
				1B3EE2BD5A70631D56161779 /* ZoomDismissalInteractionController.m in Sources */,
			);
			runOnlyForDeploymentPostprocessing = 0;
		};
/* End PBXSourcesBuildPhase section */

/* Begin PBXVariantGroup section */
		DB12B7322341AE69004CE43D /* Main.storyboard */ = {
			isa = PBXVariantGroup;
			children = (
				DB12B7332341AE69004CE43D /* Base */,
			);
			name = Main.storyboard;
			sourceTree = "<group>";
		};
		DB12B7372341AE6B004CE43D /* LaunchScreen.storyboard */ = {
			isa = PBXVariantGroup;
			children = (
				DB12B7382341AE6B004CE43D /* Base */,
			);
			name = LaunchScreen.storyboard;
			sourceTree = "<group>";
		};
/* End PBXVariantGroup section */

/* Begin XCBuildConfiguration section */
		DB12B73D2341AE6B004CE43D /* Debug */ = {
			isa = XCBuildConfiguration;
			buildSettings = {
				ALWAYS_SEARCH_USER_PATHS = NO;
				CLANG_ANALYZER_NONNULL = YES;
				CLANG_ANALYZER_NUMBER_OBJECT_CONVERSION = YES_AGGRESSIVE;
				CLANG_CXX_LANGUAGE_STANDARD = "gnu++14";
				CLANG_CXX_LIBRARY = "libc++";
				CLANG_ENABLE_MODULES = YES;
				CLANG_ENABLE_OBJC_ARC = YES;
				CLANG_ENABLE_OBJC_WEAK = YES;
				CLANG_WARN_BLOCK_CAPTURE_AUTORELEASING = YES;
				CLANG_WARN_BOOL_CONVERSION = YES;
				CLANG_WARN_COMMA = YES;
				CLANG_WARN_CONSTANT_CONVERSION = YES;
				CLANG_WARN_DEPRECATED_OBJC_IMPLEMENTATIONS = YES;
				CLANG_WARN_DIRECT_OBJC_ISA_USAGE = YES_ERROR;
				CLANG_WARN_DOCUMENTATION_COMMENTS = YES;
				CLANG_WARN_EMPTY_BODY = YES;
				CLANG_WARN_ENUM_CONVERSION = YES;
				CLANG_WARN_INFINITE_RECURSION = YES;
				CLANG_WARN_INT_CONVERSION = YES;
				CLANG_WARN_NON_LITERAL_NULL_CONVERSION = YES;
				CLANG_WARN_OBJC_IMPLICIT_RETAIN_SELF = YES;
				CLANG_WARN_OBJC_LITERAL_CONVERSION = YES;
				CLANG_WARN_OBJC_ROOT_CLASS = YES_ERROR;
				CLANG_WARN_RANGE_LOOP_ANALYSIS = YES;
				CLANG_WARN_STRICT_PROTOTYPES = YES;
				CLANG_WARN_SUSPICIOUS_MOVE = YES;
				CLANG_WARN_UNGUARDED_AVAILABILITY = YES_AGGRESSIVE;
				CLANG_WARN_UNREACHABLE_CODE = YES;
				CLANG_WARN__DUPLICATE_METHOD_MATCH = YES;
				COPY_PHASE_STRIP = NO;
				DEBUG_INFORMATION_FORMAT = dwarf;
				ENABLE_STRICT_OBJC_MSGSEND = YES;
				ENABLE_TESTABILITY = YES;
				GCC_C_LANGUAGE_STANDARD = gnu11;
				GCC_DYNAMIC_NO_PIC = NO;
				GCC_NO_COMMON_BLOCKS = YES;
				GCC_OPTIMIZATION_LEVEL = 0;
				GCC_PREPROCESSOR_DEFINITIONS = (
					"DEBUG=1",
					"$(inherited)",
				);
				GCC_WARN_64_TO_32_BIT_CONVERSION = YES;
				GCC_WARN_ABOUT_RETURN_TYPE = YES_ERROR;
				GCC_WARN_UNDECLARED_SELECTOR = YES;
				GCC_WARN_UNINITIALIZED_AUTOS = YES_AGGRESSIVE;
				GCC_WARN_UNUSED_FUNCTION = YES;
				GCC_WARN_UNUSED_VARIABLE = YES;
				IPHONEOS_DEPLOYMENT_TARGET = 13.0;
				MTL_ENABLE_DEBUG_INFO = INCLUDE_SOURCE;
				MTL_FAST_MATH = YES;
				ONLY_ACTIVE_ARCH = YES;
				SDKROOT = iphoneos;
			};
			name = Debug;
		};
		DB12B73E2341AE6B004CE43D /* Release */ = {
			isa = XCBuildConfiguration;
			buildSettings = {
				ALWAYS_SEARCH_USER_PATHS = NO;
				CLANG_ANALYZER_NONNULL = YES;
				CLANG_ANALYZER_NUMBER_OBJECT_CONVERSION = YES_AGGRESSIVE;
				CLANG_CXX_LANGUAGE_STANDARD = "gnu++14";
				CLANG_CXX_LIBRARY = "libc++";
				CLANG_ENABLE_MODULES = YES;
				CLANG_ENABLE_OBJC_ARC = YES;
				CLANG_ENABLE_OBJC_WEAK = YES;
				CLANG_WARN_BLOCK_CAPTURE_AUTORELEASING = YES;
				CLANG_WARN_BOOL_CONVERSION = YES;
				CLANG_WARN_COMMA = YES;
				CLANG_WARN_CONSTANT_CONVERSION = YES;
				CLANG_WARN_DEPRECATED_OBJC_IMPLEMENTATIONS = YES;
				CLANG_WARN_DIRECT_OBJC_ISA_USAGE = YES_ERROR;
				CLANG_WARN_DOCUMENTATION_COMMENTS = YES;
				CLANG_WARN_EMPTY_BODY = YES;
				CLANG_WARN_ENUM_CONVERSION = YES;
				CLANG_WARN_INFINITE_RECURSION = YES;
				CLANG_WARN_INT_CONVERSION = YES;
				CLANG_WARN_NON_LITERAL_NULL_CONVERSION = YES;
				CLANG_WARN_OBJC_IMPLICIT_RETAIN_SELF = YES;
				CLANG_WARN_OBJC_LITERAL_CONVERSION = YES;
				CLANG_WARN_OBJC_ROOT_CLASS = YES_ERROR;
				CLANG_WARN_RANGE_LOOP_ANALYSIS = YES;
				CLANG_WARN_STRICT_PROTOTYPES = YES;
				CLANG_WARN_SUSPICIOUS_MOVE = YES;
				CLANG_WARN_UNGUARDED_AVAILABILITY = YES_AGGRESSIVE;
				CLANG_WARN_UNREACHABLE_CODE = YES;
				CLANG_WARN__DUPLICATE_METHOD_MATCH = YES;
				COPY_PHASE_STRIP = NO;
				DEBUG_INFORMATION_FORMAT = "dwarf-with-dsym";
				ENABLE_NS_ASSERTIONS = NO;
				ENABLE_STRICT_OBJC_MSGSEND = YES;
				GCC_C_LANGUAGE_STANDARD = gnu11;
				GCC_NO_COMMON_BLOCKS = YES;
				GCC_WARN_64_TO_32_BIT_CONVERSION = YES;
				GCC_WARN_ABOUT_RETURN_TYPE = YES_ERROR;
				GCC_WARN_UNDECLARED_SELECTOR = YES;
				GCC_WARN_UNINITIALIZED_AUTOS = YES_AGGRESSIVE;
				GCC_WARN_UNUSED_FUNCTION = YES;
				GCC_WARN_UNUSED_VARIABLE = YES;
				IPHONEOS_DEPLOYMENT_TARGET = 13.0;
				MTL_ENABLE_DEBUG_INFO = NO;
				MTL_FAST_MATH = YES;
				SDKROOT = iphoneos;
				VALIDATE_PRODUCT = YES;
			};
			name = Release;
		};
		DB12B7402341AE6B004CE43D /* Debug */ = {
			isa = XCBuildConfiguration;
			baseConfigurationReference = 85EE2CA72770B949C7FE0C2C /* Pods-TF Unspash.debug.xcconfig */;
			buildSettings = {
				ASSETCATALOG_COMPILER_APPICON_NAME = AppIcon;
				CODE_SIGN_STYLE = Automatic;
				DEVELOPMENT_TEAM = 337WK8U59Q;
				INFOPLIST_FILE = "TF Unspash/Info.plist";
				IPHONEOS_DEPLOYMENT_TARGET = 11.0;
				LD_RUNPATH_SEARCH_PATHS = (
					"$(inherited)",
					"@executable_path/Frameworks",
				);
				PRODUCT_BUNDLE_IDENTIFIER = "com.thien.TF-Unsplash";
				PRODUCT_NAME = "TF Unsplash";
				TARGETED_DEVICE_FAMILY = "1,2";
				USER_HEADER_SEARCH_PATHS = "\"${PROJECT_DIR}/Pods\"/**";
			};
			name = Debug;
		};
		DB12B7412341AE6B004CE43D /* Release */ = {
			isa = XCBuildConfiguration;
			baseConfigurationReference = 12F15F33BE15073DCEB6610F /* Pods-TF Unspash.release.xcconfig */;
			buildSettings = {
				ASSETCATALOG_COMPILER_APPICON_NAME = AppIcon;
				CODE_SIGN_STYLE = Automatic;
				DEVELOPMENT_TEAM = 337WK8U59Q;
				INFOPLIST_FILE = "TF Unspash/Info.plist";
				IPHONEOS_DEPLOYMENT_TARGET = 11.0;
				LD_RUNPATH_SEARCH_PATHS = (
					"$(inherited)",
					"@executable_path/Frameworks",
				);
				PRODUCT_BUNDLE_IDENTIFIER = "com.thien.TF-Unsplash";
				PRODUCT_NAME = "TF Unsplash";
				TARGETED_DEVICE_FAMILY = "1,2";
				USER_HEADER_SEARCH_PATHS = "\"${PROJECT_DIR}/Pods\"/**";
			};
			name = Release;
		};
/* End XCBuildConfiguration section */

/* Begin XCConfigurationList section */
		DB12B7212341AE69004CE43D /* Build configuration list for PBXProject "TF Unspash" */ = {
			isa = XCConfigurationList;
			buildConfigurations = (
				DB12B73D2341AE6B004CE43D /* Debug */,
				DB12B73E2341AE6B004CE43D /* Release */,
			);
			defaultConfigurationIsVisible = 0;
			defaultConfigurationName = Release;
		};
		DB12B73F2341AE6B004CE43D /* Build configuration list for PBXNativeTarget "TF Unspash" */ = {
			isa = XCConfigurationList;
			buildConfigurations = (
				DB12B7402341AE6B004CE43D /* Debug */,
				DB12B7412341AE6B004CE43D /* Release */,
			);
			defaultConfigurationIsVisible = 0;
			defaultConfigurationName = Release;
		};
/* End XCConfigurationList section */
	};
	rootObject = DB12B71E2341AE69004CE43D /* Project object */;
}
